// !$*UTF8*$!
{
	archiveVersion = 1;
	classes = {
	};
	objectVersion = 50;
	objects = {

/* Begin PBXBuildFile section */
		1A0D879B24FE4F9900A26FC8 /* AppDelegate.swift in Sources */ = {isa = PBXBuildFile; fileRef = 1A0D879A24FE4F9900A26FC8 /* AppDelegate.swift */; };
		1A0D879D24FE4F9900A26FC8 /* ViewController.swift in Sources */ = {isa = PBXBuildFile; fileRef = 1A0D879C24FE4F9900A26FC8 /* ViewController.swift */; };
		1A0D87A024FE4F9900A26FC8 /* Main.storyboard in Resources */ = {isa = PBXBuildFile; fileRef = 1A0D879E24FE4F9900A26FC8 /* Main.storyboard */; };
		1A0D87A224FE4F9D00A26FC8 /* Assets.xcassets in Resources */ = {isa = PBXBuildFile; fileRef = 1A0D87A124FE4F9D00A26FC8 /* Assets.xcassets */; };
		1A0D87A524FE4F9D00A26FC8 /* LaunchScreen.storyboard in Resources */ = {isa = PBXBuildFile; fileRef = 1A0D87A324FE4F9D00A26FC8 /* LaunchScreen.storyboard */; };
		1A0D87B024FE4F9D00A26FC8 /* Lab1Tests.swift in Sources */ = {isa = PBXBuildFile; fileRef = 1A0D87AF24FE4F9D00A26FC8 /* Lab1Tests.swift */; };
		1A0D87BB24FE4F9D00A26FC8 /* Lab1UITests.swift in Sources */ = {isa = PBXBuildFile; fileRef = 1A0D87BA24FE4F9D00A26FC8 /* Lab1UITests.swift */; };
/* End PBXBuildFile section */

/* Begin PBXContainerItemProxy section */
		1A0D87AC24FE4F9D00A26FC8 /* PBXContainerItemProxy */ = {
			isa = PBXContainerItemProxy;
			containerPortal = 1A0D878F24FE4F9900A26FC8 /* Project object */;
			proxyType = 1;
			remoteGlobalIDString = 1A0D879624FE4F9900A26FC8;
			remoteInfo = Lab1;
		};
		1A0D87B724FE4F9D00A26FC8 /* PBXContainerItemProxy */ = {
			isa = PBXContainerItemProxy;
			containerPortal = 1A0D878F24FE4F9900A26FC8 /* Project object */;
			proxyType = 1;
			remoteGlobalIDString = 1A0D879624FE4F9900A26FC8;
			remoteInfo = Lab1;
		};
/* End PBXContainerItemProxy section */

/* Begin PBXFileReference section */
		1A0D879724FE4F9900A26FC8 /* Lab1.app */ = {isa = PBXFileReference; explicitFileType = wrapper.application; includeInIndex = 0; path = Lab1.app; sourceTree = BUILT_PRODUCTS_DIR; };
		1A0D879A24FE4F9900A26FC8 /* AppDelegate.swift */ = {isa = PBXFileReference; lastKnownFileType = sourcecode.swift; path = AppDelegate.swift; sourceTree = "<group>"; };
		1A0D879C24FE4F9900A26FC8 /* ViewController.swift */ = {isa = PBXFileReference; lastKnownFileType = sourcecode.swift; path = ViewController.swift; sourceTree = "<group>"; };
		1A0D879F24FE4F9900A26FC8 /* Base */ = {isa = PBXFileReference; lastKnownFileType = file.storyboard; name = Base; path = Base.lproj/Main.storyboard; sourceTree = "<group>"; };
		1A0D87A124FE4F9D00A26FC8 /* Assets.xcassets */ = {isa = PBXFileReference; lastKnownFileType = folder.assetcatalog; path = Assets.xcassets; sourceTree = "<group>"; };
		1A0D87A424FE4F9D00A26FC8 /* Base */ = {isa = PBXFileReference; lastKnownFileType = file.storyboard; name = Base; path = Base.lproj/LaunchScreen.storyboard; sourceTree = "<group>"; };
		1A0D87A624FE4F9D00A26FC8 /* Info.plist */ = {isa = PBXFileReference; lastKnownFileType = text.plist.xml; path = Info.plist; sourceTree = "<group>"; };
		1A0D87AB24FE4F9D00A26FC8 /* Lab1Tests.xctest */ = {isa = PBXFileReference; explicitFileType = wrapper.cfbundle; includeInIndex = 0; path = Lab1Tests.xctest; sourceTree = BUILT_PRODUCTS_DIR; };
		1A0D87AF24FE4F9D00A26FC8 /* Lab1Tests.swift */ = {isa = PBXFileReference; lastKnownFileType = sourcecode.swift; path = Lab1Tests.swift; sourceTree = "<group>"; };
		1A0D87B124FE4F9D00A26FC8 /* Info.plist */ = {isa = PBXFileReference; lastKnownFileType = text.plist.xml; path = Info.plist; sourceTree = "<group>"; };
		1A0D87B624FE4F9D00A26FC8 /* Lab1UITests.xctest */ = {isa = PBXFileReference; explicitFileType = wrapper.cfbundle; includeInIndex = 0; path = Lab1UITests.xctest; sourceTree = BUILT_PRODUCTS_DIR; };
		1A0D87BA24FE4F9D00A26FC8 /* Lab1UITests.swift */ = {isa = PBXFileReference; lastKnownFileType = sourcecode.swift; path = Lab1UITests.swift; sourceTree = "<group>"; };
		1A0D87BC24FE4F9D00A26FC8 /* Info.plist */ = {isa = PBXFileReference; lastKnownFileType = text.plist.xml; path = Info.plist; sourceTree = "<group>"; };
/* End PBXFileReference section */

/* Begin PBXFrameworksBuildPhase section */
		1A0D879424FE4F9900A26FC8 /* Frameworks */ = {
			isa = PBXFrameworksBuildPhase;
			buildActionMask = 2147483647;
			files = (
			);
			runOnlyForDeploymentPostprocessing = 0;
		};
		1A0D87A824FE4F9D00A26FC8 /* Frameworks */ = {
			isa = PBXFrameworksBuildPhase;
			buildActionMask = 2147483647;
			files = (
			);
			runOnlyForDeploymentPostprocessing = 0;
		};
		1A0D87B324FE4F9D00A26FC8 /* Frameworks */ = {
			isa = PBXFrameworksBuildPhase;
			buildActionMask = 2147483647;
			files = (
			);
			runOnlyForDeploymentPostprocessing = 0;
		};
/* End PBXFrameworksBuildPhase section */

/* Begin PBXGroup section */
		1A0D878E24FE4F9900A26FC8 = {
			isa = PBXGroup;
			children = (
				1A0D879924FE4F9900A26FC8 /* Lab1 */,
				1A0D87AE24FE4F9D00A26FC8 /* Lab1Tests */,
				1A0D87B924FE4F9D00A26FC8 /* Lab1UITests */,
				1A0D879824FE4F9900A26FC8 /* Products */,
			);
			sourceTree = "<group>";
		};
		1A0D879824FE4F9900A26FC8 /* Products */ = {
			isa = PBXGroup;
			children = (
				1A0D879724FE4F9900A26FC8 /* Lab1.app */,
				1A0D87AB24FE4F9D00A26FC8 /* Lab1Tests.xctest */,
				1A0D87B624FE4F9D00A26FC8 /* Lab1UITests.xctest */,
			);
			name = Products;
			sourceTree = "<group>";
		};
		1A0D879924FE4F9900A26FC8 /* Lab1 */ = {
			isa = PBXGroup;
			children = (
				1A0D879A24FE4F9900A26FC8 /* AppDelegate.swift */,
				1A0D879C24FE4F9900A26FC8 /* ViewController.swift */,
				1A0D879E24FE4F9900A26FC8 /* Main.storyboard */,
				1A0D87A124FE4F9D00A26FC8 /* Assets.xcassets */,
				1A0D87A324FE4F9D00A26FC8 /* LaunchScreen.storyboard */,
				1A0D87A624FE4F9D00A26FC8 /* Info.plist */,
			);
			path = Lab1;
			sourceTree = "<group>";
		};
		1A0D87AE24FE4F9D00A26FC8 /* Lab1Tests */ = {
			isa = PBXGroup;
			children = (
				1A0D87AF24FE4F9D00A26FC8 /* Lab1Tests.swift */,
				1A0D87B124FE4F9D00A26FC8 /* Info.plist */,
			);
			path = Lab1Tests;
			sourceTree = "<group>";
		};
		1A0D87B924FE4F9D00A26FC8 /* Lab1UITests */ = {
			isa = PBXGroup;
			children = (
				1A0D87BA24FE4F9D00A26FC8 /* Lab1UITests.swift */,
				1A0D87BC24FE4F9D00A26FC8 /* Info.plist */,
			);
			path = Lab1UITests;
			sourceTree = "<group>";
		};
/* End PBXGroup section */

/* Begin PBXNativeTarget section */
		1A0D879624FE4F9900A26FC8 /* Lab1 */ = {
			isa = PBXNativeTarget;
			buildConfigurationList = 1A0D87BF24FE4F9D00A26FC8 /* Build configuration list for PBXNativeTarget "Lab1" */;
			buildPhases = (
				1A0D879324FE4F9900A26FC8 /* Sources */,
				1A0D879424FE4F9900A26FC8 /* Frameworks */,
				1A0D879524FE4F9900A26FC8 /* Resources */,
			);
			buildRules = (
			);
			dependencies = (
			);
			name = Lab1;
			productName = Lab1;
			productReference = 1A0D879724FE4F9900A26FC8 /* Lab1.app */;
			productType = "com.apple.product-type.application";
		};
		1A0D87AA24FE4F9D00A26FC8 /* Lab1Tests */ = {
			isa = PBXNativeTarget;
			buildConfigurationList = 1A0D87C224FE4F9D00A26FC8 /* Build configuration list for PBXNativeTarget "Lab1Tests" */;
			buildPhases = (
				1A0D87A724FE4F9D00A26FC8 /* Sources */,
				1A0D87A824FE4F9D00A26FC8 /* Frameworks */,
				1A0D87A924FE4F9D00A26FC8 /* Resources */,
			);
			buildRules = (
			);
			dependencies = (
				1A0D87AD24FE4F9D00A26FC8 /* PBXTargetDependency */,
			);
			name = Lab1Tests;
			productName = Lab1Tests;
			productReference = 1A0D87AB24FE4F9D00A26FC8 /* Lab1Tests.xctest */;
			productType = "com.apple.product-type.bundle.unit-test";
		};
		1A0D87B524FE4F9D00A26FC8 /* Lab1UITests */ = {
			isa = PBXNativeTarget;
			buildConfigurationList = 1A0D87C524FE4F9D00A26FC8 /* Build configuration list for PBXNativeTarget "Lab1UITests" */;
			buildPhases = (
				1A0D87B224FE4F9D00A26FC8 /* Sources */,
				1A0D87B324FE4F9D00A26FC8 /* Frameworks */,
				1A0D87B424FE4F9D00A26FC8 /* Resources */,
			);
			buildRules = (
			);
			dependencies = (
				1A0D87B824FE4F9D00A26FC8 /* PBXTargetDependency */,
			);
			name = Lab1UITests;
			productName = Lab1UITests;
			productReference = 1A0D87B624FE4F9D00A26FC8 /* Lab1UITests.xctest */;
			productType = "com.apple.product-type.bundle.ui-testing";
		};
/* End PBXNativeTarget section */

/* Begin PBXProject section */
		1A0D878F24FE4F9900A26FC8 /* Project object */ = {
			isa = PBXProject;
			attributes = {
				LastSwiftUpdateCheck = 1000;
				LastUpgradeCheck = 1000;
				ORGANIZATIONNAME = "MOHAMMED SUHAIL";
				TargetAttributes = {
					1A0D879624FE4F9900A26FC8 = {
						CreatedOnToolsVersion = 10.0;
					};
					1A0D87AA24FE4F9D00A26FC8 = {
						CreatedOnToolsVersion = 10.0;
						TestTargetID = 1A0D879624FE4F9900A26FC8;
					};
					1A0D87B524FE4F9D00A26FC8 = {
						CreatedOnToolsVersion = 10.0;
						TestTargetID = 1A0D879624FE4F9900A26FC8;
					};
				};
			};
			buildConfigurationList = 1A0D879224FE4F9900A26FC8 /* Build configuration list for PBXProject "Lab1" */;
			compatibilityVersion = "Xcode 9.3";
			developmentRegion = en;
			hasScannedForEncodings = 0;
			knownRegions = (
				en,
				Base,
			);
			mainGroup = 1A0D878E24FE4F9900A26FC8;
			productRefGroup = 1A0D879824FE4F9900A26FC8 /* Products */;
			projectDirPath = "";
			projectRoot = "";
			targets = (
				1A0D879624FE4F9900A26FC8 /* Lab1 */,
				1A0D87AA24FE4F9D00A26FC8 /* Lab1Tests */,
				1A0D87B524FE4F9D00A26FC8 /* Lab1UITests */,
			);
		};
/* End PBXProject section */

/* Begin PBXResourcesBuildPhase section */
		1A0D879524FE4F9900A26FC8 /* Resources */ = {
			isa = PBXResourcesBuildPhase;
			buildActionMask = 2147483647;
			files = (
				1A0D87A524FE4F9D00A26FC8 /* LaunchScreen.storyboard in Resources */,
				1A0D87A224FE4F9D00A26FC8 /* Assets.xcassets in Resources */,
				1A0D87A024FE4F9900A26FC8 /* Main.storyboard in Resources */,
			);
			runOnlyForDeploymentPostprocessing = 0;
		};
		1A0D87A924FE4F9D00A26FC8 /* Resources */ = {
			isa = PBXResourcesBuildPhase;
			buildActionMask = 2147483647;
			files = (
			);
			runOnlyForDeploymentPostprocessing = 0;
		};
		1A0D87B424FE4F9D00A26FC8 /* Resources */ = {
			isa = PBXResourcesBuildPhase;
			buildActionMask = 2147483647;
			files = (
			);
			runOnlyForDeploymentPostprocessing = 0;
		};
/* End PBXResourcesBuildPhase section */

/* Begin PBXSourcesBuildPhase section */
		1A0D879324FE4F9900A26FC8 /* Sources */ = {
			isa = PBXSourcesBuildPhase;
			buildActionMask = 2147483647;
			files = (
				1A0D879D24FE4F9900A26FC8 /* ViewController.swift in Sources */,
				1A0D879B24FE4F9900A26FC8 /* AppDelegate.swift in Sources */,
			);
			runOnlyForDeploymentPostprocessing = 0;
		};
		1A0D87A724FE4F9D00A26FC8 /* Sources */ = {
			isa = PBXSourcesBuildPhase;
			buildActionMask = 2147483647;
			files = (
				1A0D87B024FE4F9D00A26FC8 /* Lab1Tests.swift in Sources */,
			);
			runOnlyForDeploymentPostprocessing = 0;
		};
		1A0D87B224FE4F9D00A26FC8 /* Sources */ = {
			isa = PBXSourcesBuildPhase;
			buildActionMask = 2147483647;
			files = (
				1A0D87BB24FE4F9D00A26FC8 /* Lab1UITests.swift in Sources */,
			);
			runOnlyForDeploymentPostprocessing = 0;
		};
/* End PBXSourcesBuildPhase section */

/* Begin PBXTargetDependency section */
		1A0D87AD24FE4F9D00A26FC8 /* PBXTargetDependency */ = {
			isa = PBXTargetDependency;
			target = 1A0D879624FE4F9900A26FC8 /* Lab1 */;
			targetProxy = 1A0D87AC24FE4F9D00A26FC8 /* PBXContainerItemProxy */;
		};
		1A0D87B824FE4F9D00A26FC8 /* PBXTargetDependency */ = {
			isa = PBXTargetDependency;
			target = 1A0D879624FE4F9900A26FC8 /* Lab1 */;
			targetProxy = 1A0D87B724FE4F9D00A26FC8 /* PBXContainerItemProxy */;
		};
/* End PBXTargetDependency section */

/* Begin PBXVariantGroup section */
		1A0D879E24FE4F9900A26FC8 /* Main.storyboard */ = {
			isa = PBXVariantGroup;
			children = (
				1A0D879F24FE4F9900A26FC8 /* Base */,
			);
			name = Main.storyboard;
			sourceTree = "<group>";
		};
		1A0D87A324FE4F9D00A26FC8 /* LaunchScreen.storyboard */ = {
			isa = PBXVariantGroup;
			children = (
				1A0D87A424FE4F9D00A26FC8 /* Base */,
			);
			name = LaunchScreen.storyboard;
			sourceTree = "<group>";
		};
/* End PBXVariantGroup section */

/* Begin XCBuildConfiguration section */
		1A0D87BD24FE4F9D00A26FC8 /* Debug */ = {
			isa = XCBuildConfiguration;
			buildSettings = {
				ALWAYS_SEARCH_USER_PATHS = NO;
				CLANG_ANALYZER_NONNULL = YES;
				CLANG_ANALYZER_NUMBER_OBJECT_CONVERSION = YES_AGGRESSIVE;
				CLANG_CXX_LANGUAGE_STANDARD = "gnu++14";
				CLANG_CXX_LIBRARY = "libc++";
				CLANG_ENABLE_MODULES = YES;
				CLANG_ENABLE_OBJC_ARC = YES;
				CLANG_ENABLE_OBJC_WEAK = YES;
				CLANG_WARN_BLOCK_CAPTURE_AUTORELEASING = YES;
				CLANG_WARN_BOOL_CONVERSION = YES;
				CLANG_WARN_COMMA = YES;
				CLANG_WARN_CONSTANT_CONVERSION = YES;
				CLANG_WARN_DEPRECATED_OBJC_IMPLEMENTATIONS = YES;
				CLANG_WARN_DIRECT_OBJC_ISA_USAGE = YES_ERROR;
				CLANG_WARN_DOCUMENTATION_COMMENTS = YES;
				CLANG_WARN_EMPTY_BODY = YES;
				CLANG_WARN_ENUM_CONVERSION = YES;
				CLANG_WARN_INFINITE_RECURSION = YES;
				CLANG_WARN_INT_CONVERSION = YES;
				CLANG_WARN_NON_LITERAL_NULL_CONVERSION = YES;
				CLANG_WARN_OBJC_IMPLICIT_RETAIN_SELF = YES;
				CLANG_WARN_OBJC_LITERAL_CONVERSION = YES;
				CLANG_WARN_OBJC_ROOT_CLASS = YES_ERROR;
				CLANG_WARN_RANGE_LOOP_ANALYSIS = YES;
				CLANG_WARN_STRICT_PROTOTYPES = YES;
				CLANG_WARN_SUSPICIOUS_MOVE = YES;
				CLANG_WARN_UNGUARDED_AVAILABILITY = YES_AGGRESSIVE;
				CLANG_WARN_UNREACHABLE_CODE = YES;
				CLANG_WARN__DUPLICATE_METHOD_MATCH = YES;
				CODE_SIGN_IDENTITY = "iPhone Developer";
				COPY_PHASE_STRIP = NO;
				DEBUG_INFORMATION_FORMAT = dwarf;
				ENABLE_STRICT_OBJC_MSGSEND = YES;
				ENABLE_TESTABILITY = YES;
				GCC_C_LANGUAGE_STANDARD = gnu11;
				GCC_DYNAMIC_NO_PIC = NO;
				GCC_NO_COMMON_BLOCKS = YES;
				GCC_OPTIMIZATION_LEVEL = 0;
				GCC_PREPROCESSOR_DEFINITIONS = (
					"DEBUG=1",
					"$(inherited)",
				);
				GCC_WARN_64_TO_32_BIT_CONVERSION = YES;
				GCC_WARN_ABOUT_RETURN_TYPE = YES_ERROR;
				GCC_WARN_UNDECLARED_SELECTOR = YES;
				GCC_WARN_UNINITIALIZED_AUTOS = YES_AGGRESSIVE;
				GCC_WARN_UNUSED_FUNCTION = YES;
				GCC_WARN_UNUSED_VARIABLE = YES;
				IPHONEOS_DEPLOYMENT_TARGET = 12.0;
				MTL_ENABLE_DEBUG_INFO = INCLUDE_SOURCE;
				MTL_FAST_MATH = YES;
				ONLY_ACTIVE_ARCH = YES;
				SDKROOT = iphoneos;
				SWIFT_ACTIVE_COMPILATION_CONDITIONS = DEBUG;
				SWIFT_OPTIMIZATION_LEVEL = "-Onone";
			};
			name = Debug;
		};
		1A0D87BE24FE4F9D00A26FC8 /* Release */ = {
			isa = XCBuildConfiguration;
			buildSettings = {
				ALWAYS_SEARCH_USER_PATHS = NO;
				CLANG_ANALYZER_NONNULL = YES;
				CLANG_ANALYZER_NUMBER_OBJECT_CONVERSION = YES_AGGRESSIVE;
				CLANG_CXX_LANGUAGE_STANDARD = "gnu++14";
				CLANG_CXX_LIBRARY = "libc++";
				CLANG_ENABLE_MODULES = YES;
				CLANG_ENABLE_OBJC_ARC = YES;
				CLANG_ENABLE_OBJC_WEAK = YES;
				CLANG_WARN_BLOCK_CAPTURE_AUTORELEASING = YES;
				CLANG_WARN_BOOL_CONVERSION = YES;
				CLANG_WARN_COMMA = YES;
				CLANG_WARN_CONSTANT_CONVERSION = YES;
				CLANG_WARN_DEPRECATED_OBJC_IMPLEMENTATIONS = YES;
				CLANG_WARN_DIRECT_OBJC_ISA_USAGE = YES_ERROR;
				CLANG_WARN_DOCUMENTATION_COMMENTS = YES;
				CLANG_WARN_EMPTY_BODY = YES;
				CLANG_WARN_ENUM_CONVERSION = YES;
				CLANG_WARN_INFINITE_RECURSION = YES;
				CLANG_WARN_INT_CONVERSION = YES;
				CLANG_WARN_NON_LITERAL_NULL_CONVERSION = YES;
				CLANG_WARN_OBJC_IMPLICIT_RETAIN_SELF = YES;
				CLANG_WARN_OBJC_LITERAL_CONVERSION = YES;
				CLANG_WARN_OBJC_ROOT_CLASS = YES_ERROR;
				CLANG_WARN_RANGE_LOOP_ANALYSIS = YES;
				CLANG_WARN_STRICT_PROTOTYPES = YES;
				CLANG_WARN_SUSPICIOUS_MOVE = YES;
				CLANG_WARN_UNGUARDED_AVAILABILITY = YES_AGGRESSIVE;
				CLANG_WARN_UNREACHABLE_CODE = YES;
				CLANG_WARN__DUPLICATE_METHOD_MATCH = YES;
				CODE_SIGN_IDENTITY = "iPhone Developer";
				COPY_PHASE_STRIP = NO;
				DEBUG_INFORMATION_FORMAT = "dwarf-with-dsym";
				ENABLE_NS_ASSERTIONS = NO;
				ENABLE_STRICT_OBJC_MSGSEND = YES;
				GCC_C_LANGUAGE_STANDARD = gnu11;
				GCC_NO_COMMON_BLOCKS = YES;
				GCC_WARN_64_TO_32_BIT_CONVERSION = YES;
				GCC_WARN_ABOUT_RETURN_TYPE = YES_ERROR;
				GCC_WARN_UNDECLARED_SELECTOR = YES;
				GCC_WARN_UNINITIALIZED_AUTOS = YES_AGGRESSIVE;
				GCC_WARN_UNUSED_FUNCTION = YES;
				GCC_WARN_UNUSED_VARIABLE = YES;
				IPHONEOS_DEPLOYMENT_TARGET = 12.0;
				MTL_ENABLE_DEBUG_INFO = NO;
				MTL_FAST_MATH = YES;
				SDKROOT = iphoneos;
				SWIFT_COMPILATION_MODE = wholemodule;
				SWIFT_OPTIMIZATION_LEVEL = "-O";
				VALIDATE_PRODUCT = YES;
			};
			name = Release;
		};
		1A0D87C024FE4F9D00A26FC8 /* Debug */ = {
			isa = XCBuildConfiguration;
			buildSettings = {
				ASSETCATALOG_COMPILER_APPICON_NAME = AppIcon;
				CODE_SIGN_STYLE = Automatic;
				INFOPLIST_FILE = Lab1/Info.plist;
				LD_RUNPATH_SEARCH_PATHS = (
					"$(inherited)",
					"@executable_path/Frameworks",
				);
				PRODUCT_BUNDLE_IDENTIFIER = suhail.Lab1;
				PRODUCT_NAME = "$(TARGET_NAME)";
				SWIFT_VERSION = 4.2;
				TARGETED_DEVICE_FAMILY = "1,2";
			};
			name = Debug;
		};
		1A0D87C124FE4F9D00A26FC8 /* Release */ = {
			isa = XCBuildConfiguration;
			buildSettings = {
				ASSETCATALOG_COMPILER_APPICON_NAME = AppIcon;
				CODE_SIGN_STYLE = Automatic;
				INFOPLIST_FILE = Lab1/Info.plist;
				LD_RUNPATH_SEARCH_PATHS = (
					"$(inherited)",
					"@executable_path/Frameworks",
				);
				PRODUCT_BUNDLE_IDENTIFIER = suhail.Lab1;
				PRODUCT_NAME = "$(TARGET_NAME)";
				SWIFT_VERSION = 4.2;
				TARGETED_DEVICE_FAMILY = "1,2";
			};
			name = Release;
		};
		1A0D87C324FE4F9D00A26FC8 /* Debug */ = {
			isa = XCBuildConfiguration;
			buildSettings = {
				ALWAYS_EMBED_SWIFT_STANDARD_LIBRARIES = YES;
				BUNDLE_LOADER = "$(TEST_HOST)";
				CODE_SIGN_STYLE = Automatic;
				INFOPLIST_FILE = Lab1Tests/Info.plist;
				LD_RUNPATH_SEARCH_PATHS = (
					"$(inherited)",
					"@executable_path/Frameworks",
					"@loader_path/Frameworks",
				);
				PRODUCT_BUNDLE_IDENTIFIER = suhail.Lab1Tests;
				PRODUCT_NAME = "$(TARGET_NAME)";
				SWIFT_VERSION = 4.2;
				TARGETED_DEVICE_FAMILY = "1,2";
				TEST_HOST = "$(BUILT_PRODUCTS_DIR)/Lab1.app/Lab1";
			};
			name = Debug;
		};
		1A0D87C424FE4F9D00A26FC8 /* Release */ = {
			isa = XCBuildConfiguration;
			buildSettings = {
				ALWAYS_EMBED_SWIFT_STANDARD_LIBRARIES = YES;
				BUNDLE_LOADER = "$(TEST_HOST)";
				CODE_SIGN_STYLE = Automatic;
				INFOPLIST_FILE = Lab1Tests/Info.plist;
				LD_RUNPATH_SEARCH_PATHS = (
					"$(inherited)",
					"@executable_path/Frameworks",
					"@loader_path/Frameworks",
				);
				PRODUCT_BUNDLE_IDENTIFIER = suhail.Lab1Tests;
				PRODUCT_NAME = "$(TARGET_NAME)";
				SWIFT_VERSION = 4.2;
				TARGETED_DEVICE_FAMILY = "1,2";
				TEST_HOST = "$(BUILT_PRODUCTS_DIR)/Lab1.app/Lab1";
			};
			name = Release;
		};
		1A0D87C624FE4F9D00A26FC8 /* Debug */ = {
			isa = XCBuildConfiguration;
			buildSettings = {
				ALWAYS_EMBED_SWIFT_STANDARD_LIBRARIES = YES;
				CODE_SIGN_STYLE = Automatic;
				INFOPLIST_FILE = Lab1UITests/Info.plist;
				LD_RUNPATH_SEARCH_PATHS = (
					"$(inherited)",
					"@executable_path/Frameworks",
					"@loader_path/Frameworks",
				);
				PRODUCT_BUNDLE_IDENTIFIER = suhail.Lab1UITests;
				PRODUCT_NAME = "$(TARGET_NAME)";
				SWIFT_VERSION = 4.2;
				TARGETED_DEVICE_FAMILY = "1,2";
				TEST_TARGET_NAME = Lab1;
			};
			name = Debug;
		};
		1A0D87C724FE4F9D00A26FC8 /* Release */ = {
			isa = XCBuildConfiguration;
			buildSettings = {
				ALWAYS_EMBED_SWIFT_STANDARD_LIBRARIES = YES;
				CODE_SIGN_STYLE = Automatic;
				INFOPLIST_FILE = Lab1UITests/Info.plist;
				LD_RUNPATH_SEARCH_PATHS = (
					"$(inherited)",
					"@executable_path/Frameworks",
					"@loader_path/Frameworks",
				);
				PRODUCT_BUNDLE_IDENTIFIER = suhail.Lab1UITests;
				PRODUCT_NAME = "$(TARGET_NAME)";
				SWIFT_VERSION = 4.2;
				TARGETED_DEVICE_FAMILY = "1,2";
				TEST_TARGET_NAME = Lab1;
			};
			name = Release;
		};
/* End XCBuildConfiguration section */

/* Begin XCConfigurationList section */
		1A0D879224FE4F9900A26FC8 /* Build configuration list for PBXProject "Lab1" */ = {
			isa = XCConfigurationList;
			buildConfigurations = (
				1A0D87BD24FE4F9D00A26FC8 /* Debug */,
				1A0D87BE24FE4F9D00A26FC8 /* Release */,
			);
			defaultConfigurationIsVisible = 0;
			defaultConfigurationName = Release;
		};
		1A0D87BF24FE4F9D00A26FC8 /* Build configuration list for PBXNativeTarget "Lab1" */ = {
			isa = XCConfigurationList;
			buildConfigurations = (
				1A0D87C024FE4F9D00A26FC8 /* Debug */,
				1A0D87C124FE4F9D00A26FC8 /* Release */,
			);
			defaultConfigurationIsVisible = 0;
			defaultConfigurationName = Release;
		};
		1A0D87C224FE4F9D00A26FC8 /* Build configuration list for PBXNativeTarget "Lab1Tests" */ = {
			isa = XCConfigurationList;
			buildConfigurations = (
				1A0D87C324FE4F9D00A26FC8 /* Debug */,
				1A0D87C424FE4F9D00A26FC8 /* Release */,
			);
			defaultConfigurationIsVisible = 0;
			defaultConfigurationName = Release;
		};
		1A0D87C524FE4F9D00A26FC8 /* Build configuration list for PBXNativeTarget "Lab1UITests" */ = {
			isa = XCConfigurationList;
			buildConfigurations = (
				1A0D87C624FE4F9D00A26FC8 /* Debug */,
				1A0D87C724FE4F9D00A26FC8 /* Release */,
			);
			defaultConfigurationIsVisible = 0;
			defaultConfigurationName = Release;
		};
/* End XCConfigurationList section */
	};
	rootObject = 1A0D878F24FE4F9900A26FC8 /* Project object */;
}
